
Microsoft Visual Studio Solution File, Format Version 12.00
# Visual Studio 15
VisualStudioVersion = 15.0.26430.15
MinimumVisualStudioVersion = 10.0.40219.1
Project("{FAE04EC0-301F-11D3-BF4B-00C04F79EFBC}") = "Fantome.Libraries.League", "Fantome.League\Fantome.Libraries.League.csproj", "{80F5DF93-19A2-4731-8CD1-982F165D7361}"
EndProject
Project("{FAE04EC0-301F-11D3-BF4B-00C04F79EFBC}") = "Fantome.Libraries.League.Tests", "Fantome.League.Tests\Fantome.Libraries.League.Tests.csproj", "{E3DE789F-E563-4857-90D8-70483E0B60BB}"
EndProject
Global
	GlobalSection(SolutionConfigurationPlatforms) = preSolution
		Debug|Any CPU = Debug|Any CPU
		Release|Any CPU = Release|Any CPU
	EndGlobalSection
	GlobalSection(ProjectConfigurationPlatforms) = postSolution
		{80F5DF93-19A2-4731-8CD1-982F165D7361}.Debug|Any CPU.ActiveCfg = Debug|Any CPU
		{80F5DF93-19A2-4731-8CD1-982F165D7361}.Debug|Any CPU.Build.0 = Debug|Any CPU
		{80F5DF93-19A2-4731-8CD1-982F165D7361}.Release|Any CPU.ActiveCfg = Release|Any CPU
		{80F5DF93-19A2-4731-8CD1-982F165D7361}.Release|Any CPU.Build.0 = Release|Any CPU
		{E3DE789F-E563-4857-90D8-70483E0B60BB}.Debug|Any CPU.ActiveCfg = Debug|Any CPU
		{E3DE789F-E563-4857-90D8-70483E0B60BB}.Debug|Any CPU.Build.0 = Debug|Any CPU
		{E3DE789F-E563-4857-90D8-70483E0B60BB}.Release|Any CPU.ActiveCfg = Release|Any CPU
		{E3DE789F-E563-4857-90D8-70483E0B60BB}.Release|Any CPU.Build.0 = Release|Any CPU
	EndGlobalSection
	GlobalSection(SolutionProperties) = preSolution
		HideSolutionNode = FALSE
	EndGlobalSection
EndGlobal
