
Microsoft Visual Studio Solution File, Format Version 12.00
# Visual Studio Version 16
VisualStudioVersion = 16.0.29613.14
MinimumVisualStudioVersion = 10.0.40219.1
Project("{9A19103F-16F7-4668-BE54-9A1E7A4F7556}") = "Fantome.Libraries.League", "Fantome.Libraries.League\Fantome.Libraries.League.csproj", "{B7C8408C-8674-485E-94DA-8D67EC03FF6A}"
EndProject
Project("{9A19103F-16F7-4668-BE54-9A1E7A4F7556}") = "Fantome.Libraries.League.Sandbox", "Fantome.Libraries.League.Tests\Fantome.Libraries.League.Sandbox.csproj", "{DC9F95B4-9B08-4B02-98C4-76282FF3B089}"
EndProject
Global
	GlobalSection(SolutionConfigurationPlatforms) = preSolution
		Debug|Any CPU = Debug|Any CPU
		Release|Any CPU = Release|Any CPU
	EndGlobalSection
	GlobalSection(ProjectConfigurationPlatforms) = postSolution
		{B7C8408C-8674-485E-94DA-8D67EC03FF6A}.Debug|Any CPU.ActiveCfg = Debug|Any CPU
		{B7C8408C-8674-485E-94DA-8D67EC03FF6A}.Debug|Any CPU.Build.0 = Debug|Any CPU
		{B7C8408C-8674-485E-94DA-8D67EC03FF6A}.Release|Any CPU.ActiveCfg = Release|Any CPU
		{B7C8408C-8674-485E-94DA-8D67EC03FF6A}.Release|Any CPU.Build.0 = Release|Any CPU
		{DC9F95B4-9B08-4B02-98C4-76282FF3B089}.Debug|Any CPU.ActiveCfg = Debug|Any CPU
		{DC9F95B4-9B08-4B02-98C4-76282FF3B089}.Debug|Any CPU.Build.0 = Debug|Any CPU
		{DC9F95B4-9B08-4B02-98C4-76282FF3B089}.Release|Any CPU.ActiveCfg = Release|Any CPU
		{DC9F95B4-9B08-4B02-98C4-76282FF3B089}.Release|Any CPU.Build.0 = Release|Any CPU
	EndGlobalSection
	GlobalSection(SolutionProperties) = preSolution
		HideSolutionNode = FALSE
	EndGlobalSection
	GlobalSection(ExtensibilityGlobals) = postSolution
		SolutionGuid = {8572012E-5A9E-4B5F-824A-D196534741FD}
	EndGlobalSection
EndGlobal
