
Microsoft Visual Studio Solution File, Format Version 12.00
# Visual Studio Version 17
VisualStudioVersion = 17.1.32328.378
MinimumVisualStudioVersion = 10.0.40219.1
Project("{9A19103F-16F7-4668-BE54-9A1E7A4F7556}") = "LeagueToolkit", "LeagueToolkit\LeagueToolkit.csproj", "{B7C8408C-8674-485E-94DA-8D67EC03FF6A}"
EndProject
Project("{9A19103F-16F7-4668-BE54-9A1E7A4F7556}") = "LeagueToolkit.Sandbox", "LeagueToolkit.Sandbox\LeagueToolkit.Sandbox.csproj", "{DC9F95B4-9B08-4B02-98C4-76282FF3B089}"
EndProject
Project("{9A19103F-16F7-4668-BE54-9A1E7A4F7556}") = "LeagueToolkit.Tests", "LeagueToolkit.Tests\LeagueToolkit.Tests.csproj", "{B5638E2D-0C71-4E04-ADB4-9796339AE6C0}"
EndProject
Project("{9A19103F-16F7-4668-BE54-9A1E7A4F7556}") = "LeagueToolkit.Meta.Classes", "LeagueToolkit.Meta.Classes\LeagueToolkit.Meta.Classes.csproj", "{4C8F6B5E-066E-4994-969F-9BB4FDAF0371}"
EndProject
Project("{9A19103F-16F7-4668-BE54-9A1E7A4F7556}") = "LeagueToolkit.IO.Extensions", "LeagueToolkit.IO.Extensions\LeagueToolkit.IO.Extensions.csproj", "{160F2EA0-DDBB-4739-B018-B9CEAEDB7E05}"
EndProject
Global
	GlobalSection(SolutionConfigurationPlatforms) = preSolution
		Debug|Any CPU = Debug|Any CPU
		Debug|x64 = Debug|x64
		Release|Any CPU = Release|Any CPU
		Release|x64 = Release|x64
	EndGlobalSection
	GlobalSection(ProjectConfigurationPlatforms) = postSolution
		{B7C8408C-8674-485E-94DA-8D67EC03FF6A}.Debug|Any CPU.ActiveCfg = Debug|x64
		{B7C8408C-8674-485E-94DA-8D67EC03FF6A}.Debug|Any CPU.Build.0 = Debug|x64
		{B7C8408C-8674-485E-94DA-8D67EC03FF6A}.Debug|x64.ActiveCfg = Debug|x64
		{B7C8408C-8674-485E-94DA-8D67EC03FF6A}.Debug|x64.Build.0 = Debug|x64
		{B7C8408C-8674-485E-94DA-8D67EC03FF6A}.Release|Any CPU.ActiveCfg = Release|x64
		{B7C8408C-8674-485E-94DA-8D67EC03FF6A}.Release|Any CPU.Build.0 = Release|x64
		{B7C8408C-8674-485E-94DA-8D67EC03FF6A}.Release|x64.ActiveCfg = Release|x64
		{B7C8408C-8674-485E-94DA-8D67EC03FF6A}.Release|x64.Build.0 = Release|x64
		{DC9F95B4-9B08-4B02-98C4-76282FF3B089}.Debug|Any CPU.ActiveCfg = Debug|x64
		{DC9F95B4-9B08-4B02-98C4-76282FF3B089}.Debug|Any CPU.Build.0 = Debug|x64
		{DC9F95B4-9B08-4B02-98C4-76282FF3B089}.Debug|x64.ActiveCfg = Debug|x64
		{DC9F95B4-9B08-4B02-98C4-76282FF3B089}.Debug|x64.Build.0 = Debug|x64
		{DC9F95B4-9B08-4B02-98C4-76282FF3B089}.Release|Any CPU.ActiveCfg = Release|x64
		{DC9F95B4-9B08-4B02-98C4-76282FF3B089}.Release|Any CPU.Build.0 = Release|x64
		{DC9F95B4-9B08-4B02-98C4-76282FF3B089}.Release|x64.ActiveCfg = Release|x64
		{DC9F95B4-9B08-4B02-98C4-76282FF3B089}.Release|x64.Build.0 = Release|x64
		{B5638E2D-0C71-4E04-ADB4-9796339AE6C0}.Debug|Any CPU.ActiveCfg = Debug|x64
		{B5638E2D-0C71-4E04-ADB4-9796339AE6C0}.Debug|Any CPU.Build.0 = Debug|x64
		{B5638E2D-0C71-4E04-ADB4-9796339AE6C0}.Debug|x64.ActiveCfg = Debug|x64
		{B5638E2D-0C71-4E04-ADB4-9796339AE6C0}.Debug|x64.Build.0 = Debug|x64
		{B5638E2D-0C71-4E04-ADB4-9796339AE6C0}.Release|Any CPU.ActiveCfg = Release|x64
		{B5638E2D-0C71-4E04-ADB4-9796339AE6C0}.Release|Any CPU.Build.0 = Release|x64
		{B5638E2D-0C71-4E04-ADB4-9796339AE6C0}.Release|x64.ActiveCfg = Release|x64
		{4C8F6B5E-066E-4994-969F-9BB4FDAF0371}.Debug|Any CPU.ActiveCfg = Debug|x64
		{4C8F6B5E-066E-4994-969F-9BB4FDAF0371}.Debug|Any CPU.Build.0 = Debug|x64
		{4C8F6B5E-066E-4994-969F-9BB4FDAF0371}.Debug|x64.ActiveCfg = Debug|x64
		{4C8F6B5E-066E-4994-969F-9BB4FDAF0371}.Debug|x64.Build.0 = Debug|x64
		{4C8F6B5E-066E-4994-969F-9BB4FDAF0371}.Release|Any CPU.ActiveCfg = Release|x64
		{4C8F6B5E-066E-4994-969F-9BB4FDAF0371}.Release|Any CPU.Build.0 = Release|x64
		{4C8F6B5E-066E-4994-969F-9BB4FDAF0371}.Release|x64.ActiveCfg = Release|x64
		{4C8F6B5E-066E-4994-969F-9BB4FDAF0371}.Release|x64.Build.0 = Release|x64
		{160F2EA0-DDBB-4739-B018-B9CEAEDB7E05}.Debug|Any CPU.ActiveCfg = Debug|Any CPU
		{160F2EA0-DDBB-4739-B018-B9CEAEDB7E05}.Debug|Any CPU.Build.0 = Debug|Any CPU
		{160F2EA0-DDBB-4739-B018-B9CEAEDB7E05}.Debug|x64.ActiveCfg = Debug|x64
		{160F2EA0-DDBB-4739-B018-B9CEAEDB7E05}.Debug|x64.Build.0 = Debug|x64
		{160F2EA0-DDBB-4739-B018-B9CEAEDB7E05}.Release|Any CPU.ActiveCfg = Release|Any CPU
		{160F2EA0-DDBB-4739-B018-B9CEAEDB7E05}.Release|Any CPU.Build.0 = Release|Any CPU
		{160F2EA0-DDBB-4739-B018-B9CEAEDB7E05}.Release|x64.ActiveCfg = Release|Any CPU
		{160F2EA0-DDBB-4739-B018-B9CEAEDB7E05}.Release|x64.Build.0 = Release|Any CPU
	EndGlobalSection
	GlobalSection(SolutionProperties) = preSolution
		HideSolutionNode = FALSE
	EndGlobalSection
	GlobalSection(ExtensibilityGlobals) = postSolution
		SolutionGuid = {8572012E-5A9E-4B5F-824A-D196534741FD}
	EndGlobalSection
EndGlobal
