{
  "version": 1,
  "dependencies": {
    "net6.0": {
      "CommunityToolkit.Diagnostics": {
        "type": "Direct",
        "requested": "[8.0.0, )",
        "resolved": "8.0.0",
        "contentHash": "wzjy3iA+7qjoL6t89Zhn3qsF9u2linoGEad/sl/MG4i8p8ZnItv3xZ+2/mbIwxwq5u1UdJ0+ZVqMe1wfdV4QRQ=="
      },
      "CommunityToolkit.HighPerformance": {
        "type": "Direct",
        "requested": "[8.0.0, )",
        "resolved": "8.0.0",
        "contentHash": "S5Iv1d5UJZNJLJbe/xzJmLqYJ2mhefbLAvhXCZEh3G4sFadUBuQZhQioE4oJG4enY69QMuJX3AX9+6P9rH1bMw=="
      },
      "FlatSharp.Compiler": {
        "type": "Direct",
        "requested": "[7.0.2, )",
        "resolved": "7.0.2",
        "contentHash": "w0SYFklJGXuAYPVZlO3QXoMkxxhSHSEy2RrWUXGFTMeTvxYFgM18x4OuSf7DSpQNl/TsDbBl5O/hpOPcJ7dCdg=="
      },
      "FlatSharp.Runtime": {
        "type": "Direct",
        "requested": "[7.0.2, )",
        "resolved": "7.0.2",
        "contentHash": "mTD5DWtCfYwvgm+7qRvbEAwqXuBQ3HsJnOyiAdNE2932IJhwkCf/LyHF/KBYGnbABKtAL3xZih+krG18f6eNqQ==",
        "dependencies": {
          "System.Memory": "4.5.5"
        }
      },
      "XXHash3.NET": {
        "type": "Direct",
        "requested": "[1.2.2, )",
        "resolved": "1.2.2",
        "contentHash": "/JFi9foLqJoxuS60X+/zV29W347NAEenkgbEnvJupwkKohlQB9T5ce4LhgGT785G2+yKZJVgNyJ9T3VhwVH0cA==",
        "dependencies": {
          "System.Memory": "4.5.4"
        }
      },
      "ZstdSharp.Port": {
        "type": "Direct",
        "requested": "[0.6.1, )",
        "resolved": "0.6.1",
        "contentHash": "KZjt1x8ioy16iuFIBbNq7Sv9nAXU4k5DVSPB4cP69qaAnEeO/ru7MwfvAXHTfFKJTipOgHtvolL+QMRiYGGxkw=="
      },
      "System.Memory": {
        "type": "Transitive",
        "resolved": "4.5.5",
        "contentHash": "XIWiDvKPXaTveaB7HVganDlOCRoj03l+jrwNvcge/t8vhGYKvqV+dMv6G4SAX2NoNmN0wZfVPTAlFwZcZvVOUw=="
      }
    }
  }
}