{
  "version": 1,
  "dependencies": {
    "net10.0": {
      "CommunityToolkit.Diagnostics": {
        "type": "Direct",
        "requested": "[8.4.0, )",
        "resolved": "8.4.0",
        "contentHash": "/9Nuy8EWo0ZYQsjn3h4OGxjCWVYXl3TV3fvv29f8IVqplXgXGRzIpbtHEHGOfykh+TPbzUclzIfMCBzmgblKDA=="
      },
      "CommunityToolkit.HighPerformance": {
        "type": "Direct",
        "requested": "[8.4.0, )",
        "resolved": "8.4.0",
        "contentHash": "flxspiBs0G/0GMp7IK2J2ijV9bTG6hEwFc/z6ekHqB6nwRJ4Ry2yLdx+TkbCUYFCl4XhABkAwomeKbT6zM2Zlg=="
      },
      "FlatSharp.Compiler": {
        "type": "Direct",
        "requested": "[7.9.0, )",
        "resolved": "7.9.0",
        "contentHash": "MU6808xvdbWJ3Ev+5PKalqQuzvVbn1DzzQH8txRDHGFUNDvHjd+ejqpvnYc9BSJ8Qp8VjkkpJD8OzRYilbPp3A=="
      },
      "FlatSharp.Runtime": {
        "type": "Direct",
        "requested": "[7.9.0, )",
        "resolved": "7.9.0",
        "contentHash": "Bm8+WqzEsWNpxqrD5x4x+zQ8dyINlToCreM5FI2oNSfUVc9U9ZB+qztX/jd8rlJb3r0vBSlPwVLpw0xBtPa3Vw=="
      },
      "SharpGLTF.Toolkit": {
        "type": "Direct",
        "requested": "[1.0.6, )",
        "resolved": "1.0.6",
        "contentHash": "wb9Ebb4uwXevL4WiLlry29RWIYlxa+NiAa0BB8iSR7VbmgSa5Ij/QaPNlKi1jjA4oL8aEygg5V76zY1SJfIS+Q==",
        "dependencies": {
          "SharpGLTF.Runtime": "1.0.6"
        }
      },
      "SixLabors.ImageSharp": {
        "type": "Direct",
        "requested": "[3.1.12, )",
        "resolved": "3.1.12",
        "contentHash": "iAg6zifihXEFS/t7fiHhZBGAdCp3FavsF4i2ZIDp0JfeYeDVzvmlbY1CNhhIKimaIzrzSi5M/NBFcWvZT2rB/A=="
      },
      "System.IO.Hashing": {
        "type": "Direct",
        "requested": "[10.0.2, )",
        "resolved": "10.0.2",
        "contentHash": "AKJknIFi9O3+rGExxTry188JPvUoZAPcCtS2qdqyFhIzsxQ1Ap94BeGDG0VzVEHakhmRxmJtVih6TsHoghIt/g=="
      },
      "ZstdSharp.Port": {
        "type": "Direct",
        "requested": "[0.8.7, )",
        "resolved": "0.8.7",
        "contentHash": "+4VpxvzEKaHpfTjsLRMhQHx6brqGBkIA+fjUM3wUW8ZoWpPFAeKrO2Nf4uZDeBjjzNDNxSRvLQH4b3S9Ku4JJQ=="
      },
      "SharpGLTF.Core": {
        "type": "Transitive",
        "resolved": "1.0.6",
        "contentHash": "m3qIvUnpvRRfQ0fp0TFfpPk+vsHkCIOf/uIVJ19fe9dwa29KCO/PeHVXKAph8nsFxFLXitTIIqCa5W8JGLMhBg=="
      },
      "SharpGLTF.Runtime": {
        "type": "Transitive",
        "resolved": "1.0.6",
        "contentHash": "MVb0p0gzwnjHB03b0kMhf9bVUd6gSvs/jBpTkL6rMa0RtzSGARbCvZkpGbHXjxgSTncprEuzV4nAaaAucifc3Q==",
        "dependencies": {
          "SharpGLTF.Core": "1.0.6"
        }
      }
    }
  }
}