{
  "version": 1,
  "dependencies": {
    "net6.0": {
      "CommunityToolkit.Diagnostics": {
        "type": "Direct",
        "requested": "[8.0.0, )",
        "resolved": "8.0.0",
        "contentHash": "wzjy3iA+7qjoL6t89Zhn3qsF9u2linoGEad/sl/MG4i8p8ZnItv3xZ+2/mbIwxwq5u1UdJ0+ZVqMe1wfdV4QRQ=="
      },
      "CommunityToolkit.HighPerformance": {
        "type": "Direct",
        "requested": "[8.0.0, )",
        "resolved": "8.0.0",
        "contentHash": "S5Iv1d5UJZNJLJbe/xzJmLqYJ2mhefbLAvhXCZEh3G4sFadUBuQZhQioE4oJG4enY69QMuJX3AX9+6P9rH1bMw=="
      },
      "FlatSharp.Compiler": {
        "type": "Direct",
        "requested": "[7.0.2, )",
        "resolved": "7.0.2",
        "contentHash": "w0SYFklJGXuAYPVZlO3QXoMkxxhSHSEy2RrWUXGFTMeTvxYFgM18x4OuSf7DSpQNl/TsDbBl5O/hpOPcJ7dCdg=="
      },
      "FlatSharp.Runtime": {
        "type": "Direct",
        "requested": "[7.0.2, )",
        "resolved": "7.0.2",
        "contentHash": "mTD5DWtCfYwvgm+7qRvbEAwqXuBQ3HsJnOyiAdNE2932IJhwkCf/LyHF/KBYGnbABKtAL3xZih+krG18f6eNqQ==",
        "dependencies": {
          "System.Memory": "4.5.5"
        }
      },
      "Microsoft.CodeAnalysis.CSharp": {
        "type": "Direct",
        "requested": "[4.4.0, )",
        "resolved": "4.4.0",
        "contentHash": "eD2w0xHRoaqK07hjlOKGR9eLNy3nimiGNeCClNax1NDgS/+DBtBqCjXelOa+TNy99kIB3nHhUqDmr46nDXy/RQ==",
        "dependencies": {
          "Microsoft.CodeAnalysis.Common": "[4.4.0]"
        }
      },
      "SixLabors.ImageSharp": {
        "type": "Direct",
        "requested": "[2.1.3, )",
        "resolved": "2.1.3",
        "contentHash": "8yonNRWX3vUE9k29ta0Hbfa0AEc0hbDjSH/nZ3vOTJEXmY6hLnGsjDKoz96Z+AgOsrdkAu6PdL/Ebaf70aitzw==",
        "dependencies": {
          "System.Runtime.CompilerServices.Unsafe": "5.0.0",
          "System.Text.Encoding.CodePages": "5.0.0"
        }
      },
      "Standart.Hash.xxHash": {
        "type": "Direct",
        "requested": "[4.0.5, )",
        "resolved": "4.0.5",
        "contentHash": "2QC9zDPFT/SOnP7iFdK3AwakEcJ7D3zDoU7IwIAOyEhY4WQ2GQBvLqZ29/R1BSujPNtGHMITmVW1d+VjvLg6lg=="
      },
      "XXHash3.NET": {
        "type": "Direct",
        "requested": "[2.0.0, )",
        "resolved": "2.0.0",
        "contentHash": "1iFJ0SZyiWVAj5BHFlNeKbLVTDmYDwNbtq2yMOFAID5BjwDu+hBbpk+VKiNZc7/jcamkkh7M6mD9q+gINHYAIA==",
        "dependencies": {
          "CommunityToolkit.Diagnostics": "8.0.0"
        }
      },
      "ZstdNet": {
        "type": "Direct",
        "requested": "[1.4.5, )",
        "resolved": "1.4.5",
        "contentHash": "fi9aP1QY3ZenIMUW1pxdSjku6lYAUjScrwfXSXT1qyKtTdLxOIzeBMe+w/hQm0vMsvQnjcFInByMrIT7AlXUHA=="
      },
      "Microsoft.CodeAnalysis.Analyzers": {
        "type": "Transitive",
        "resolved": "3.3.3",
        "contentHash": "j/rOZtLMVJjrfLRlAMckJLPW/1rze9MT1yfWqSIbUPGRu1m1P0fuo9PmqapwsmePfGB5PJrudQLvmUOAMF0DqQ=="
      },
      "Microsoft.CodeAnalysis.Common": {
        "type": "Transitive",
        "resolved": "4.4.0",
        "contentHash": "JfHupS/B7Jb5MZoYkFFABn3mux0wQgxi2D8F/rJYZeRBK2ZOyk7TjQ2Kq9rh6W/DCh0KNbbSbn5qoFar+ueHqw==",
        "dependencies": {
          "Microsoft.CodeAnalysis.Analyzers": "3.3.3",
          "System.Collections.Immutable": "6.0.0",
          "System.Memory": "4.5.5",
          "System.Reflection.Metadata": "5.0.0",
          "System.Runtime.CompilerServices.Unsafe": "6.0.0",
          "System.Text.Encoding.CodePages": "6.0.0",
          "System.Threading.Tasks.Extensions": "4.5.4"
        }
      },
      "System.Collections.Immutable": {
        "type": "Transitive",
        "resolved": "6.0.0",
        "contentHash": "l4zZJ1WU2hqpQQHXz1rvC3etVZN+2DLmQMO79FhOTZHMn8tDRr+WU287sbomD0BETlmKDn0ygUgVy9k5xkkJdA==",
        "dependencies": {
          "System.Runtime.CompilerServices.Unsafe": "6.0.0"
        }
      },
      "System.Memory": {
        "type": "Transitive",
        "resolved": "4.5.5",
        "contentHash": "XIWiDvKPXaTveaB7HVganDlOCRoj03l+jrwNvcge/t8vhGYKvqV+dMv6G4SAX2NoNmN0wZfVPTAlFwZcZvVOUw=="
      },
      "System.Reflection.Metadata": {
        "type": "Transitive",
        "resolved": "5.0.0",
        "contentHash": "5NecZgXktdGg34rh1OenY1rFNDCI8xSjFr+Z4OU4cU06AQHUdRnIIEeWENu3Wl4YowbzkymAIMvi3WyK9U53pQ=="
      },
      "System.Runtime.CompilerServices.Unsafe": {
        "type": "Transitive",
        "resolved": "6.0.0",
        "contentHash": "/iUeP3tq1S0XdNNoMz5C9twLSrM/TH+qElHkXWaPvuNOt+99G75NrV0OS2EqHx5wMN7popYjpc8oTjC1y16DLg=="
      },
      "System.Text.Encoding.CodePages": {
        "type": "Transitive",
        "resolved": "6.0.0",
        "contentHash": "ZFCILZuOvtKPauZ/j/swhvw68ZRi9ATCfvGbk1QfydmcXBkIWecWKn/250UH7rahZ5OoDBaiAudJtPvLwzw85A==",
        "dependencies": {
          "System.Runtime.CompilerServices.Unsafe": "6.0.0"
        }
      },
      "System.Threading.Tasks.Extensions": {
        "type": "Transitive",
        "resolved": "4.5.4",
        "contentHash": "zteT+G8xuGu6mS+mzDzYXbzS7rd3K6Fjb9RiZlYlJPam2/hU7JCBZBVEcywNuR+oZ1ncTvc/cq0faRr3P01OVg=="
      }
    }
  }
}