
Microsoft Visual Studio Solution File, Format Version 12.00
# Visual Studio Version 17
VisualStudioVersion = 17.1.32328.378
MinimumVisualStudioVersion = 10.0.40219.1
Project("{9A19103F-16F7-4668-BE54-9A1E7A4F7556}") = "LeagueToolkit", "LeagueToolkit\LeagueToolkit.csproj", "{B7C8408C-8674-485E-94DA-8D67EC03FF6A}"
EndProject
Project("{9A19103F-16F7-4668-BE54-9A1E7A4F7556}") = "LeagueToolkit.Sandbox", "LeagueToolkit.Sandbox\LeagueToolkit.Sandbox.csproj", "{DC9F95B4-9B08-4B02-98C4-76282FF3B089}"
EndProject
Project("{9A19103F-16F7-4668-BE54-9A1E7A4F7556}") = "LeagueToolkit.Meta.Classes", "LeagueToolkit.Meta.Classes\LeagueToolkit.Meta.Classes.csproj", "{4C8F6B5E-066E-4994-969F-9BB4FDAF0371}"
EndProject
Project("{9A19103F-16F7-4668-BE54-9A1E7A4F7556}") = "LeagueToolkit.IO.Extensions", "LeagueToolkit.IO.Extensions\LeagueToolkit.IO.Extensions.csproj", "{160F2EA0-DDBB-4739-B018-B9CEAEDB7E05}"
EndProject
Project("{9A19103F-16F7-4668-BE54-9A1E7A4F7556}") = "LeagueToolkit.Tests", "LeagueToolkit.Tests\LeagueToolkit.Tests.csproj", "{33F551EF-BAA0-4EBE-9B2B-A2A816DA5987}"
EndProject
Project("{FAE04EC0-301F-11D3-BF4B-00C04F79EFBC}") = "LeagueToolkit.Meta.Dump", "LeagueToolkit.Meta.Dump\LeagueToolkit.Meta.Dump.csproj", "{F658EBCF-091E-42B8-A2D2-6038239E8A04}"
EndProject
Project("{9A19103F-16F7-4668-BE54-9A1E7A4F7556}") = "_build", "build\_build.csproj", "{DE52499D-FD8B-41A5-89C3-C2714948C9F5}"
EndProject
Global
	GlobalSection(SolutionConfigurationPlatforms) = preSolution
		Debug|Any CPU = Debug|Any CPU
		Release|Any CPU = Release|Any CPU
	EndGlobalSection
	GlobalSection(ProjectConfigurationPlatforms) = postSolution
		{DE52499D-FD8B-41A5-89C3-C2714948C9F5}.Debug|Any CPU.ActiveCfg = Debug|Any CPU
		{DE52499D-FD8B-41A5-89C3-C2714948C9F5}.Release|Any CPU.ActiveCfg = Release|Any CPU
		{B7C8408C-8674-485E-94DA-8D67EC03FF6A}.Debug|Any CPU.ActiveCfg = Debug|Any CPU
		{B7C8408C-8674-485E-94DA-8D67EC03FF6A}.Debug|Any CPU.Build.0 = Debug|Any CPU
		{B7C8408C-8674-485E-94DA-8D67EC03FF6A}.Release|Any CPU.ActiveCfg = Release|Any CPU
		{B7C8408C-8674-485E-94DA-8D67EC03FF6A}.Release|Any CPU.Build.0 = Release|Any CPU
		{DC9F95B4-9B08-4B02-98C4-76282FF3B089}.Debug|Any CPU.ActiveCfg = Debug|Any CPU
		{DC9F95B4-9B08-4B02-98C4-76282FF3B089}.Debug|Any CPU.Build.0 = Debug|Any CPU
		{DC9F95B4-9B08-4B02-98C4-76282FF3B089}.Release|Any CPU.ActiveCfg = Release|Any CPU
		{DC9F95B4-9B08-4B02-98C4-76282FF3B089}.Release|Any CPU.Build.0 = Release|Any CPU
		{4C8F6B5E-066E-4994-969F-9BB4FDAF0371}.Debug|Any CPU.ActiveCfg = Debug|Any CPU
		{4C8F6B5E-066E-4994-969F-9BB4FDAF0371}.Debug|Any CPU.Build.0 = Debug|Any CPU
		{4C8F6B5E-066E-4994-969F-9BB4FDAF0371}.Release|Any CPU.ActiveCfg = Release|Any CPU
		{4C8F6B5E-066E-4994-969F-9BB4FDAF0371}.Release|Any CPU.Build.0 = Release|Any CPU
		{160F2EA0-DDBB-4739-B018-B9CEAEDB7E05}.Debug|Any CPU.ActiveCfg = Debug|Any CPU
		{160F2EA0-DDBB-4739-B018-B9CEAEDB7E05}.Debug|Any CPU.Build.0 = Debug|Any CPU
		{160F2EA0-DDBB-4739-B018-B9CEAEDB7E05}.Release|Any CPU.ActiveCfg = Release|Any CPU
		{160F2EA0-DDBB-4739-B018-B9CEAEDB7E05}.Release|Any CPU.Build.0 = Release|Any CPU
		{33F551EF-BAA0-4EBE-9B2B-A2A816DA5987}.Debug|Any CPU.ActiveCfg = Debug|Any CPU
		{33F551EF-BAA0-4EBE-9B2B-A2A816DA5987}.Debug|Any CPU.Build.0 = Debug|Any CPU
		{33F551EF-BAA0-4EBE-9B2B-A2A816DA5987}.Release|Any CPU.ActiveCfg = Release|Any CPU
		{33F551EF-BAA0-4EBE-9B2B-A2A816DA5987}.Release|Any CPU.Build.0 = Release|Any CPU
		{F658EBCF-091E-42B8-A2D2-6038239E8A04}.Debug|Any CPU.ActiveCfg = Debug|Any CPU
		{F658EBCF-091E-42B8-A2D2-6038239E8A04}.Debug|Any CPU.Build.0 = Debug|Any CPU
		{F658EBCF-091E-42B8-A2D2-6038239E8A04}.Release|Any CPU.ActiveCfg = Release|Any CPU
		{F658EBCF-091E-42B8-A2D2-6038239E8A04}.Release|Any CPU.Build.0 = Release|Any CPU
	EndGlobalSection
	GlobalSection(SolutionProperties) = preSolution
		HideSolutionNode = FALSE
	EndGlobalSection
	GlobalSection(ExtensibilityGlobals) = postSolution
		SolutionGuid = {8572012E-5A9E-4B5F-824A-D196534741FD}
	EndGlobalSection
EndGlobal
